// !$*UTF8*$!
{
	archiveVersion = 1;
	classes = {
	};
	objectVersion = 46;
	objects = {

/* Begin PBXBuildFile section */
		B436844B1E4ECB2A00BC6EC6 /* AppDelegate.swift in Sources */ = {isa = PBXBuildFile; fileRef = B436844A1E4ECB2A00BC6EC6 /* AppDelegate.swift */; };
		B436844D1E4ECB2A00BC6EC6 /* ViewController.swift in Sources */ = {isa = PBXBuildFile; fileRef = B436844C1E4ECB2A00BC6EC6 /* ViewController.swift */; };
		B43684501E4ECB2A00BC6EC6 /* Main.storyboard in Resources */ = {isa = PBXBuildFile; fileRef = B436844E1E4ECB2A00BC6EC6 /* Main.storyboard */; };
		B43684521E4ECB2A00BC6EC6 /* Assets.xcassets in Resources */ = {isa = PBXBuildFile; fileRef = B43684511E4ECB2A00BC6EC6 /* Assets.xcassets */; };
		B43684551E4ECB2A00BC6EC6 /* LaunchScreen.storyboard in Resources */ = {isa = PBXBuildFile; fileRef = B43684531E4ECB2A00BC6EC6 /* LaunchScreen.storyboard */; };
		B436845D1E4FA74100BC6EC6 /* DeffinitionViewController.swift in Sources */ = {isa = PBXBuildFile; fileRef = B436845C1E4FA74100BC6EC6 /* DeffinitionViewController.swift */; };
/* End PBXBuildFile section */

/* Begin PBXFileReference section */
		B43684471E4ECB2A00BC6EC6 /* Emoji Dictonary.app */ = {isa = PBXFileReference; explicitFileType = wrapper.application; includeInIndex = 0; path = "Emoji Dictonary.app"; sourceTree = BUILT_PRODUCTS_DIR; };
		B436844A1E4ECB2A00BC6EC6 /* AppDelegate.swift */ = {isa = PBXFileReference; lastKnownFileType = sourcecode.swift; path = AppDelegate.swift; sourceTree = "<group>"; };
		B436844C1E4ECB2A00BC6EC6 /* ViewController.swift */ = {isa = PBXFileReference; lastKnownFileType = sourcecode.swift; path = ViewController.swift; sourceTree = "<group>"; };
		B436844F1E4ECB2A00BC6EC6 /* Base */ = {isa = PBXFileReference; lastKnownFileType = file.storyboard; name = Base; path = Base.lproj/Main.storyboard; sourceTree = "<group>"; };
		B43684511E4ECB2A00BC6EC6 /* Assets.xcassets */ = {isa = PBXFileReference; lastKnownFileType = folder.assetcatalog; path = Assets.xcassets; sourceTree = "<group>"; };
		B43684541E4ECB2A00BC6EC6 /* Base */ = {isa = PBXFileReference; lastKnownFileType = file.storyboard; name = Base; path = Base.lproj/LaunchScreen.storyboard; sourceTree = "<group>"; };
		B43684561E4ECB2A00BC6EC6 /* Info.plist */ = {isa = PBXFileReference; lastKnownFileType = text.plist.xml; path = Info.plist; sourceTree = "<group>"; };
		B436845C1E4FA74100BC6EC6 /* DeffinitionViewController.swift */ = {isa = PBXFileReference; fileEncoding = 4; lastKnownFileType = sourcecode.swift; path = DeffinitionViewController.swift; sourceTree = "<group>"; };
/* End PBXFileReference section */

/* Begin PBXFrameworksBuildPhase section */
		B43684441E4ECB2A00BC6EC6 /* Frameworks */ = {
			isa = PBXFrameworksBuildPhase;
			buildActionMask = 2147483647;
			files = (
			);
			runOnlyForDeploymentPostprocessing = 0;
		};
/* End PBXFrameworksBuildPhase section */

/* Begin PBXGroup section */
		B436843E1E4ECB2A00BC6EC6 = {
			isa = PBXGroup;
			children = (
				B43684491E4ECB2A00BC6EC6 /* Emoji Dictonary */,
				B43684481E4ECB2A00BC6EC6 /* Products */,
			);
			sourceTree = "<group>";
		};
		B43684481E4ECB2A00BC6EC6 /* Products */ = {
			isa = PBXGroup;
			children = (
				B43684471E4ECB2A00BC6EC6 /* Emoji Dictonary.app */,
			);
			name = Products;
			sourceTree = "<group>";
		};
		B43684491E4ECB2A00BC6EC6 /* Emoji Dictonary */ = {
			isa = PBXGroup;
			children = (
				B436844A1E4ECB2A00BC6EC6 /* AppDelegate.swift */,
				B436844C1E4ECB2A00BC6EC6 /* ViewController.swift */,
				B436845C1E4FA74100BC6EC6 /* DeffinitionViewController.swift */,
				B436844E1E4ECB2A00BC6EC6 /* Main.storyboard */,
				B43684511E4ECB2A00BC6EC6 /* Assets.xcassets */,
				B43684531E4ECB2A00BC6EC6 /* LaunchScreen.storyboard */,
				B43684561E4ECB2A00BC6EC6 /* Info.plist */,
			);
			path = "Emoji Dictonary";
			sourceTree = "<group>";
		};
/* End PBXGroup section */

/* Begin PBXNativeTarget section */
		B43684461E4ECB2A00BC6EC6 /* Emoji Dictonary */ = {
			isa = PBXNativeTarget;
			buildConfigurationList = B43684591E4ECB2A00BC6EC6 /* Build configuration list for PBXNativeTarget "Emoji Dictonary" */;
			buildPhases = (
				B43684431E4ECB2A00BC6EC6 /* Sources */,
				B43684441E4ECB2A00BC6EC6 /* Frameworks */,
				B43684451E4ECB2A00BC6EC6 /* Resources */,
			);
			buildRules = (
			);
			dependencies = (
			);
			name = "Emoji Dictonary";
			productName = "Emoji Dictonary";
			productReference = B43684471E4ECB2A00BC6EC6 /* Emoji Dictonary.app */;
			productType = "com.apple.product-type.application";
		};
/* End PBXNativeTarget section */

/* Begin PBXProject section */
		B436843F1E4ECB2A00BC6EC6 /* Project object */ = {
			isa = PBXProject;
			attributes = {
				LastSwiftUpdateCheck = 0830;
				LastUpgradeCheck = 0830;
				ORGANIZATIONNAME = "Dominik Friede Enterprises";
				TargetAttributes = {
					B43684461E4ECB2A00BC6EC6 = {
						CreatedOnToolsVersion = 8.3;
						ProvisioningStyle = Automatic;
					};
				};
			};
			buildConfigurationList = B43684421E4ECB2A00BC6EC6 /* Build configuration list for PBXProject "Emoji Dictonary" */;
			compatibilityVersion = "Xcode 3.2";
			developmentRegion = English;
			hasScannedForEncodings = 0;
			knownRegions = (
				en,
				Base,
			);
			mainGroup = B436843E1E4ECB2A00BC6EC6;
			productRefGroup = B43684481E4ECB2A00BC6EC6 /* Products */;
			projectDirPath = "";
			projectRoot = "";
			targets = (
				B43684461E4ECB2A00BC6EC6 /* Emoji Dictonary */,
			);
		};
/* End PBXProject section */

/* Begin PBXResourcesBuildPhase section */
		B43684451E4ECB2A00BC6EC6 /* Resources */ = {
			isa = PBXResourcesBuildPhase;
			buildActionMask = 2147483647;
			files = (
				B43684551E4ECB2A00BC6EC6 /* LaunchScreen.storyboard in Resources */,
				B43684521E4ECB2A00BC6EC6 /* Assets.xcassets in Resources */,
				B43684501E4ECB2A00BC6EC6 /* Main.storyboard in Resources */,
			);
			runOnlyForDeploymentPostprocessing = 0;
		};
/* End PBXResourcesBuildPhase section */

/* Begin PBXSourcesBuildPhase section */
		B43684431E4ECB2A00BC6EC6 /* Sources */ = {
			isa = PBXSourcesBuildPhase;
			buildActionMask = 2147483647;
			files = (
				B436844D1E4ECB2A00BC6EC6 /* ViewController.swift in Sources */,
				B436844B1E4ECB2A00BC6EC6 /* AppDelegate.swift in Sources */,
				B436845D1E4FA74100BC6EC6 /* DeffinitionViewController.swift in Sources */,
			);
			runOnlyForDeploymentPostprocessing = 0;
		};
/* End PBXSourcesBuildPhase section */

/* Begin PBXVariantGroup section */
		B436844E1E4ECB2A00BC6EC6 /* Main.storyboard */ = {
			isa = PBXVariantGroup;
			children = (
				B436844F1E4ECB2A00BC6EC6 /* Base */,
			);
			name = Main.storyboard;
			sourceTree = "<group>";
		};
		B43684531E4ECB2A00BC6EC6 /* LaunchScreen.storyboard */ = {
			isa = PBXVariantGroup;
			children = (
				B43684541E4ECB2A00BC6EC6 /* Base */,
			);
			name = LaunchScreen.storyboard;
			sourceTree = "<group>";
		};
/* End PBXVariantGroup section */

/* Begin XCBuildConfiguration section */
		B43684571E4ECB2A00BC6EC6 /* Debug */ = {
			isa = XCBuildConfiguration;
			buildSettings = {
				ALWAYS_SEARCH_USER_PATHS = NO;
				CLANG_ANALYZER_NONNULL = YES;
				CLANG_ANALYZER_NUMBER_OBJECT_CONVERSION = YES_AGGRESSIVE;
				CLANG_CXX_LANGUAGE_STANDARD = "gnu++0x";
				CLANG_CXX_LIBRARY = "libc++";
				CLANG_ENABLE_MODULES = YES;
				CLANG_ENABLE_OBJC_ARC = YES;
				CLANG_WARN_BOOL_CONVERSION = YES;
				CLANG_WARN_CONSTANT_CONVERSION = YES;
				CLANG_WARN_DIRECT_OBJC_ISA_USAGE = YES_ERROR;
				CLANG_WARN_DOCUMENTATION_COMMENTS = YES;
				CLANG_WARN_EMPTY_BODY = YES;
				CLANG_WARN_ENUM_CONVERSION = YES;
				CLANG_WARN_INFINITE_RECURSION = YES;
				CLANG_WARN_INT_CONVERSION = YES;
				CLANG_WARN_OBJC_ROOT_CLASS = YES_ERROR;
				CLANG_WARN_SUSPICIOUS_MOVE = YES;
				CLANG_WARN_UNREACHABLE_CODE = YES;
				CLANG_WARN__DUPLICATE_METHOD_MATCH = YES;
				"CODE_SIGN_IDENTITY[sdk=iphoneos*]" = "iPhone Developer";
				COPY_PHASE_STRIP = NO;
				DEBUG_INFORMATION_FORMAT = dwarf;
				ENABLE_STRICT_OBJC_MSGSEND = YES;
				ENABLE_TESTABILITY = YES;
				GCC_C_LANGUAGE_STANDARD = gnu99;
				GCC_DYNAMIC_NO_PIC = NO;
				GCC_NO_COMMON_BLOCKS = YES;
				GCC_OPTIMIZATION_LEVEL = 0;
				GCC_PREPROCESSOR_DEFINITIONS = (
					"DEBUG=1",
					"$(inherited)",
				);
				GCC_WARN_64_TO_32_BIT_CONVERSION = YES;
				GCC_WARN_ABOUT_RETURN_TYPE = YES_ERROR;
				GCC_WARN_UNDECLARED_SELECTOR = YES;
				GCC_WARN_UNINITIALIZED_AUTOS = YES_AGGRESSIVE;
				GCC_WARN_UNUSED_FUNCTION = YES;
				GCC_WARN_UNUSED_VARIABLE = YES;
				IPHONEOS_DEPLOYMENT_TARGET = 10.3;
				MTL_ENABLE_DEBUG_INFO = YES;
				ONLY_ACTIVE_ARCH = YES;
				SDKROOT = iphoneos;
				SWIFT_ACTIVE_COMPILATION_CONDITIONS = DEBUG;
				SWIFT_OPTIMIZATION_LEVEL = "-Onone";
				TARGETED_DEVICE_FAMILY = "1,2";
			};
			name = Debug;
		};
		B43684581E4ECB2A00BC6EC6 /* Release */ = {
			isa = XCBuildConfiguration;
			buildSettings = {
				ALWAYS_SEARCH_USER_PATHS = NO;
				CLANG_ANALYZER_NONNULL = YES;
				CLANG_ANALYZER_NUMBER_OBJECT_CONVERSION = YES_AGGRESSIVE;
				CLANG_CXX_LANGUAGE_STANDARD = "gnu++0x";
				CLANG_CXX_LIBRARY = "libc++";
				CLANG_ENABLE_MODULES = YES;
				CLANG_ENABLE_OBJC_ARC = YES;
				CLANG_WARN_BOOL_CONVERSION = YES;
				CLANG_WARN_CONSTANT_CONVERSION = YES;
				CLANG_WARN_DIRECT_OBJC_ISA_USAGE = YES_ERROR;
				CLANG_WARN_DOCUMENTATION_COMMENTS = YES;
				CLANG_WARN_EMPTY_BODY = YES;
				CLANG_WARN_ENUM_CONVERSION = YES;
				CLANG_WARN_INFINITE_RECURSION = YES;
				CLANG_WARN_INT_CONVERSION = YES;
				CLANG_WARN_OBJC_ROOT_CLASS = YES_ERROR;
				CLANG_WARN_SUSPICIOUS_MOVE = YES;
				CLANG_WARN_UNREACHABLE_CODE = YES;
				CLANG_WARN__DUPLICATE_METHOD_MATCH = YES;
				"CODE_SIGN_IDENTITY[sdk=iphoneos*]" = "iPhone Developer";
				COPY_PHASE_STRIP = NO;
				DEBUG_INFORMATION_FORMAT = "dwarf-with-dsym";
				ENABLE_NS_ASSERTIONS = NO;
				ENABLE_STRICT_OBJC_MSGSEND = YES;
				GCC_C_LANGUAGE_STANDARD = gnu99;
				GCC_NO_COMMON_BLOCKS = YES;
				GCC_WARN_64_TO_32_BIT_CONVERSION = YES;
				GCC_WARN_ABOUT_RETURN_TYPE = YES_ERROR;
				GCC_WARN_UNDECLARED_SELECTOR = YES;
				GCC_WARN_UNINITIALIZED_AUTOS = YES_AGGRESSIVE;
				GCC_WARN_UNUSED_FUNCTION = YES;
				GCC_WARN_UNUSED_VARIABLE = YES;
				IPHONEOS_DEPLOYMENT_TARGET = 10.3;
				MTL_ENABLE_DEBUG_INFO = NO;
				SDKROOT = iphoneos;
				SWIFT_OPTIMIZATION_LEVEL = "-Owholemodule";
				TARGETED_DEVICE_FAMILY = "1,2";
				VALIDATE_PRODUCT = YES;
			};
			name = Release;
		};
		B436845A1E4ECB2A00BC6EC6 /* Debug */ = {
			isa = XCBuildConfiguration;
			buildSettings = {
				ASSETCATALOG_COMPILER_APPICON_NAME = AppIcon;
				INFOPLIST_FILE = "Emoji Dictonary/Info.plist";
				LD_RUNPATH_SEARCH_PATHS = "$(inherited) @executable_path/Frameworks";
				PRODUCT_BUNDLE_IDENTIFIER = "com.example.Emoji-Dictonary";
				PRODUCT_NAME = "$(TARGET_NAME)";
				SWIFT_VERSION = 3.0;
			};
			name = Debug;
		};
		B436845B1E4ECB2A00BC6EC6 /* Release */ = {
			isa = XCBuildConfiguration;
			buildSettings = {
				ASSETCATALOG_COMPILER_APPICON_NAME = AppIcon;
				INFOPLIST_FILE = "Emoji Dictonary/Info.plist";
				LD_RUNPATH_SEARCH_PATHS = "$(inherited) @executable_path/Frameworks";
				PRODUCT_BUNDLE_IDENTIFIER = "com.example.Emoji-Dictonary";
				PRODUCT_NAME = "$(TARGET_NAME)";
				SWIFT_VERSION = 3.0;
			};
			name = Release;
		};
/* End XCBuildConfiguration section */

/* Begin XCConfigurationList section */
		B43684421E4ECB2A00BC6EC6 /* Build configuration list for PBXProject "Emoji Dictonary" */ = {
			isa = XCConfigurationList;
			buildConfigurations = (
				B43684571E4ECB2A00BC6EC6 /* Debug */,
				B43684581E4ECB2A00BC6EC6 /* Release */,
			);
			defaultConfigurationIsVisible = 0;
			defaultConfigurationName = Release;
		};
		B43684591E4ECB2A00BC6EC6 /* Build configuration list for PBXNativeTarget "Emoji Dictonary" */ = {
			isa = XCConfigurationList;
			buildConfigurations = (
				B436845A1E4ECB2A00BC6EC6 /* Debug */,
				B436845B1E4ECB2A00BC6EC6 /* Release */,
			);
			defaultConfigurationIsVisible = 0;
		};
/* End XCConfigurationList section */
	};
	rootObject = B436843F1E4ECB2A00BC6EC6 /* Project object */;
}
